
Microsoft Visual Studio Solution File, Format Version 12.00
# Visual Studio Version 16
VisualStudioVersion = 16.0.29102.190
MinimumVisualStudioVersion = 10.0.40219.1
Project("{FAE04EC0-301F-11D3-BF4B-00C04F79EFBC}") = "AzureBatchJob", "AzureBatchJob\AzureBatchJob.csproj", "{AE7FB65B-96A9-4E13-9BC0-FDBA4114005D}"
EndProject
Global
	GlobalSection(SolutionConfigurationPlatforms) = preSolution
		Debug|Any CPU = Debug|Any CPU
		Release|Any CPU = Release|Any CPU
	EndGlobalSection
	GlobalSection(ProjectConfigurationPlatforms) = postSolution
		{AE7FB65B-96A9-4E13-9BC0-FDBA4114005D}.Debug|Any CPU.ActiveCfg = Debug|Any CPU
		{AE7FB65B-96A9-4E13-9BC0-FDBA4114005D}.Debug|Any CPU.Build.0 = Debug|Any CPU
		{AE7FB65B-96A9-4E13-9BC0-FDBA4114005D}.Release|Any CPU.ActiveCfg = Release|Any CPU
		{AE7FB65B-96A9-4E13-9BC0-FDBA4114005D}.Release|Any CPU.Build.0 = Release|Any CPU
	EndGlobalSection
	GlobalSection(SolutionProperties) = preSolution
		HideSolutionNode = FALSE
	EndGlobalSection
	GlobalSection(ExtensibilityGlobals) = postSolution
		SolutionGuid = {98795680-EAA7-4FE6-A20D-0D3FA55FFDE1}
	EndGlobalSection
EndGlobal
